
Microsoft Visual Studio Solution File, Format Version 12.00
# Visual Studio Version 17
VisualStudioVersion = 17.6.33717.318
MinimumVisualStudioVersion = 10.0.40219.1
Project("{FAE04EC0-301F-11D3-BF4B-00C04F79EFBC}") = "Conversor02", "Conversor02\Conversor02.csproj", "{8197028F-CDA2-46F1-ABDC-E1B4013131E5}"
EndProject
Global
	GlobalSection(SolutionConfigurationPlatforms) = preSolution
		Debug|Any CPU = Debug|Any CPU
		Release|Any CPU = Release|Any CPU
	EndGlobalSection
	GlobalSection(ProjectConfigurationPlatforms) = postSolution
		{8197028F-CDA2-46F1-ABDC-E1B4013131E5}.Debug|Any CPU.ActiveCfg = Debug|Any CPU
		{8197028F-CDA2-46F1-ABDC-E1B4013131E5}.Debug|Any CPU.Build.0 = Debug|Any CPU
		{8197028F-CDA2-46F1-ABDC-E1B4013131E5}.Release|Any CPU.ActiveCfg = Release|Any CPU
		{8197028F-CDA2-46F1-ABDC-E1B4013131E5}.Release|Any CPU.Build.0 = Release|Any CPU
	EndGlobalSection
	GlobalSection(SolutionProperties) = preSolution
		HideSolutionNode = FALSE
	EndGlobalSection
	GlobalSection(ExtensibilityGlobals) = postSolution
		SolutionGuid = {C9A09E14-B8A4-4570-AE75-665AAC9B31EA}
	EndGlobalSection
EndGlobal
